
Microsoft Visual Studio Solution File, Format Version 12.00
# Visual Studio 15
VisualStudioVersion = 15.0.26124.0
MinimumVisualStudioVersion = 15.0.26124.0
Project("{FAE04EC0-301F-11D3-BF4B-00C04F79EFBC}") = "OOP.Sample1", "OOP.Sample1\OOP.Sample1.csproj", "{3633DDB3-1B7D-42F2-81F2-F66A9DE75E73}"
EndProject
Project("{FAE04EC0-301F-11D3-BF4B-00C04F79EFBC}") = "OOP.CarsModel", "OOP.CarsModel\OOP.CarsModel.csproj", "{BDC14673-E806-4EEA-8546-DBC0E924BEA9}"
EndProject
Project("{FAE04EC0-301F-11D3-BF4B-00C04F79EFBC}") = "OOP.Sample1.Test", "OOP.Sample1.Test\OOP.Sample1.Test.csproj", "{A23F4BE6-FDD0-4CAA-B1F1-F3E1E356E6D6}"
EndProject
Project("{FAE04EC0-301F-11D3-BF4B-00C04F79EFBC}") = "OOP.CarsModel.Test", "OOP.CarsModel.Test\OOP.CarsModel.Test.csproj", "{8AFBFA62-B9D0-42D9-9B54-1FF14C1060CB}"
EndProject
Global
	GlobalSection(SolutionConfigurationPlatforms) = preSolution
		Debug|Any CPU = Debug|Any CPU
		Debug|x64 = Debug|x64
		Debug|x86 = Debug|x86
		Release|Any CPU = Release|Any CPU
		Release|x64 = Release|x64
		Release|x86 = Release|x86
	EndGlobalSection
	GlobalSection(SolutionProperties) = preSolution
		HideSolutionNode = FALSE
	EndGlobalSection
	GlobalSection(ProjectConfigurationPlatforms) = postSolution
		{3633DDB3-1B7D-42F2-81F2-F66A9DE75E73}.Debug|Any CPU.ActiveCfg = Debug|Any CPU
		{3633DDB3-1B7D-42F2-81F2-F66A9DE75E73}.Debug|Any CPU.Build.0 = Debug|Any CPU
		{3633DDB3-1B7D-42F2-81F2-F66A9DE75E73}.Debug|x64.ActiveCfg = Debug|Any CPU
		{3633DDB3-1B7D-42F2-81F2-F66A9DE75E73}.Debug|x64.Build.0 = Debug|Any CPU
		{3633DDB3-1B7D-42F2-81F2-F66A9DE75E73}.Debug|x86.ActiveCfg = Debug|Any CPU
		{3633DDB3-1B7D-42F2-81F2-F66A9DE75E73}.Debug|x86.Build.0 = Debug|Any CPU
		{3633DDB3-1B7D-42F2-81F2-F66A9DE75E73}.Release|Any CPU.ActiveCfg = Release|Any CPU
		{3633DDB3-1B7D-42F2-81F2-F66A9DE75E73}.Release|Any CPU.Build.0 = Release|Any CPU
		{3633DDB3-1B7D-42F2-81F2-F66A9DE75E73}.Release|x64.ActiveCfg = Release|Any CPU
		{3633DDB3-1B7D-42F2-81F2-F66A9DE75E73}.Release|x64.Build.0 = Release|Any CPU
		{3633DDB3-1B7D-42F2-81F2-F66A9DE75E73}.Release|x86.ActiveCfg = Release|Any CPU
		{3633DDB3-1B7D-42F2-81F2-F66A9DE75E73}.Release|x86.Build.0 = Release|Any CPU
		{BDC14673-E806-4EEA-8546-DBC0E924BEA9}.Debug|Any CPU.ActiveCfg = Debug|Any CPU
		{BDC14673-E806-4EEA-8546-DBC0E924BEA9}.Debug|Any CPU.Build.0 = Debug|Any CPU
		{BDC14673-E806-4EEA-8546-DBC0E924BEA9}.Debug|x64.ActiveCfg = Debug|Any CPU
		{BDC14673-E806-4EEA-8546-DBC0E924BEA9}.Debug|x64.Build.0 = Debug|Any CPU
		{BDC14673-E806-4EEA-8546-DBC0E924BEA9}.Debug|x86.ActiveCfg = Debug|Any CPU
		{BDC14673-E806-4EEA-8546-DBC0E924BEA9}.Debug|x86.Build.0 = Debug|Any CPU
		{BDC14673-E806-4EEA-8546-DBC0E924BEA9}.Release|Any CPU.ActiveCfg = Release|Any CPU
		{BDC14673-E806-4EEA-8546-DBC0E924BEA9}.Release|Any CPU.Build.0 = Release|Any CPU
		{BDC14673-E806-4EEA-8546-DBC0E924BEA9}.Release|x64.ActiveCfg = Release|Any CPU
		{BDC14673-E806-4EEA-8546-DBC0E924BEA9}.Release|x64.Build.0 = Release|Any CPU
		{BDC14673-E806-4EEA-8546-DBC0E924BEA9}.Release|x86.ActiveCfg = Release|Any CPU
		{BDC14673-E806-4EEA-8546-DBC0E924BEA9}.Release|x86.Build.0 = Release|Any CPU
		{A23F4BE6-FDD0-4CAA-B1F1-F3E1E356E6D6}.Debug|Any CPU.ActiveCfg = Debug|Any CPU
		{A23F4BE6-FDD0-4CAA-B1F1-F3E1E356E6D6}.Debug|Any CPU.Build.0 = Debug|Any CPU
		{A23F4BE6-FDD0-4CAA-B1F1-F3E1E356E6D6}.Debug|x64.ActiveCfg = Debug|Any CPU
		{A23F4BE6-FDD0-4CAA-B1F1-F3E1E356E6D6}.Debug|x64.Build.0 = Debug|Any CPU
		{A23F4BE6-FDD0-4CAA-B1F1-F3E1E356E6D6}.Debug|x86.ActiveCfg = Debug|Any CPU
		{A23F4BE6-FDD0-4CAA-B1F1-F3E1E356E6D6}.Debug|x86.Build.0 = Debug|Any CPU
		{A23F4BE6-FDD0-4CAA-B1F1-F3E1E356E6D6}.Release|Any CPU.ActiveCfg = Release|Any CPU
		{A23F4BE6-FDD0-4CAA-B1F1-F3E1E356E6D6}.Release|Any CPU.Build.0 = Release|Any CPU
		{A23F4BE6-FDD0-4CAA-B1F1-F3E1E356E6D6}.Release|x64.ActiveCfg = Release|Any CPU
		{A23F4BE6-FDD0-4CAA-B1F1-F3E1E356E6D6}.Release|x64.Build.0 = Release|Any CPU
		{A23F4BE6-FDD0-4CAA-B1F1-F3E1E356E6D6}.Release|x86.ActiveCfg = Release|Any CPU
		{A23F4BE6-FDD0-4CAA-B1F1-F3E1E356E6D6}.Release|x86.Build.0 = Release|Any CPU
		{8AFBFA62-B9D0-42D9-9B54-1FF14C1060CB}.Debug|Any CPU.ActiveCfg = Debug|Any CPU
		{8AFBFA62-B9D0-42D9-9B54-1FF14C1060CB}.Debug|Any CPU.Build.0 = Debug|Any CPU
		{8AFBFA62-B9D0-42D9-9B54-1FF14C1060CB}.Debug|x64.ActiveCfg = Debug|Any CPU
		{8AFBFA62-B9D0-42D9-9B54-1FF14C1060CB}.Debug|x64.Build.0 = Debug|Any CPU
		{8AFBFA62-B9D0-42D9-9B54-1FF14C1060CB}.Debug|x86.ActiveCfg = Debug|Any CPU
		{8AFBFA62-B9D0-42D9-9B54-1FF14C1060CB}.Debug|x86.Build.0 = Debug|Any CPU
		{8AFBFA62-B9D0-42D9-9B54-1FF14C1060CB}.Release|Any CPU.ActiveCfg = Release|Any CPU
		{8AFBFA62-B9D0-42D9-9B54-1FF14C1060CB}.Release|Any CPU.Build.0 = Release|Any CPU
		{8AFBFA62-B9D0-42D9-9B54-1FF14C1060CB}.Release|x64.ActiveCfg = Release|Any CPU
		{8AFBFA62-B9D0-42D9-9B54-1FF14C1060CB}.Release|x64.Build.0 = Release|Any CPU
		{8AFBFA62-B9D0-42D9-9B54-1FF14C1060CB}.Release|x86.ActiveCfg = Release|Any CPU
		{8AFBFA62-B9D0-42D9-9B54-1FF14C1060CB}.Release|x86.Build.0 = Release|Any CPU
	EndGlobalSection
EndGlobal
